// !$*UTF8*$!
{
	archiveVersion = 1;
	classes = {
	};
	objectVersion = 55;
	objects = {

/* Begin PBXBuildFile section */
		60D55ED428581CD400AC43FB /* AppDelegate.swift in Sources */ = {isa = PBXBuildFile; fileRef = 60D55ED328581CD400AC43FB /* AppDelegate.swift */; };
		60D55ED628581CD400AC43FB /* SceneDelegate.swift in Sources */ = {isa = PBXBuildFile; fileRef = 60D55ED528581CD400AC43FB /* SceneDelegate.swift */; };
		60D55ED828581CD400AC43FB /* ListaPokemonViewController.swift in Sources */ = {isa = PBXBuildFile; fileRef = 60D55ED728581CD400AC43FB /* ListaPokemonViewController.swift */; };
		60D55EDB28581CD400AC43FB /* Main.storyboard in Resources */ = {isa = PBXBuildFile; fileRef = 60D55ED928581CD400AC43FB /* Main.storyboard */; };
		60D55EDD28581CD700AC43FB /* Assets.xcassets in Resources */ = {isa = PBXBuildFile; fileRef = 60D55EDC28581CD700AC43FB /* Assets.xcassets */; };
		60D55EE028581CD700AC43FB /* LaunchScreen.storyboard in Resources */ = {isa = PBXBuildFile; fileRef = 60D55EDE28581CD700AC43FB /* LaunchScreen.storyboard */; };
		60D55EE828581E0D00AC43FB /* PokemonManager.swift in Sources */ = {isa = PBXBuildFile; fileRef = 60D55EE728581E0D00AC43FB /* PokemonManager.swift */; };
		60D55EEA28581E4500AC43FB /* DatosPokemon.swift in Sources */ = {isa = PBXBuildFile; fileRef = 60D55EE928581E4500AC43FB /* DatosPokemon.swift */; };
		60D55EED2858245C00AC43FB /* CeldaPokemonTableViewCell.swift in Sources */ = {isa = PBXBuildFile; fileRef = 60D55EEB2858245C00AC43FB /* CeldaPokemonTableViewCell.swift */; };
		60D55EEE2858245C00AC43FB /* CeldaPokemonTableViewCell.xib in Resources */ = {isa = PBXBuildFile; fileRef = 60D55EEC2858245C00AC43FB /* CeldaPokemonTableViewCell.xib */; };
		60D55EF0285829EE00AC43FB /* DetallePokemonViewController.swift in Sources */ = {isa = PBXBuildFile; fileRef = 60D55EEF285829EE00AC43FB /* DetallePokemonViewController.swift */; };
/* End PBXBuildFile section */

/* Begin PBXFileReference section */
		60D55ED028581CD400AC43FB /* Pokedex.app */ = {isa = PBXFileReference; explicitFileType = wrapper.application; includeInIndex = 0; path = Pokedex.app; sourceTree = BUILT_PRODUCTS_DIR; };
		60D55ED328581CD400AC43FB /* AppDelegate.swift */ = {isa = PBXFileReference; lastKnownFileType = sourcecode.swift; path = AppDelegate.swift; sourceTree = "<group>"; };
		60D55ED528581CD400AC43FB /* SceneDelegate.swift */ = {isa = PBXFileReference; lastKnownFileType = sourcecode.swift; path = SceneDelegate.swift; sourceTree = "<group>"; };
		60D55ED728581CD400AC43FB /* ListaPokemonViewController.swift */ = {isa = PBXFileReference; lastKnownFileType = sourcecode.swift; path = ListaPokemonViewController.swift; sourceTree = "<group>"; };
		60D55EDA28581CD400AC43FB /* Base */ = {isa = PBXFileReference; lastKnownFileType = file.storyboard; name = Base; path = Base.lproj/Main.storyboard; sourceTree = "<group>"; };
		60D55EDC28581CD700AC43FB /* Assets.xcassets */ = {isa = PBXFileReference; lastKnownFileType = folder.assetcatalog; path = Assets.xcassets; sourceTree = "<group>"; };
		60D55EDF28581CD700AC43FB /* Base */ = {isa = PBXFileReference; lastKnownFileType = file.storyboard; name = Base; path = Base.lproj/LaunchScreen.storyboard; sourceTree = "<group>"; };
		60D55EE128581CD700AC43FB /* Info.plist */ = {isa = PBXFileReference; lastKnownFileType = text.plist.xml; path = Info.plist; sourceTree = "<group>"; };
		60D55EE728581E0D00AC43FB /* PokemonManager.swift */ = {isa = PBXFileReference; lastKnownFileType = sourcecode.swift; path = PokemonManager.swift; sourceTree = "<group>"; };
		60D55EE928581E4500AC43FB /* DatosPokemon.swift */ = {isa = PBXFileReference; lastKnownFileType = sourcecode.swift; path = DatosPokemon.swift; sourceTree = "<group>"; };
		60D55EEB2858245C00AC43FB /* CeldaPokemonTableViewCell.swift */ = {isa = PBXFileReference; lastKnownFileType = sourcecode.swift; path = CeldaPokemonTableViewCell.swift; sourceTree = "<group>"; };
		60D55EEC2858245C00AC43FB /* CeldaPokemonTableViewCell.xib */ = {isa = PBXFileReference; lastKnownFileType = file.xib; path = CeldaPokemonTableViewCell.xib; sourceTree = "<group>"; };
		60D55EEF285829EE00AC43FB /* DetallePokemonViewController.swift */ = {isa = PBXFileReference; lastKnownFileType = sourcecode.swift; path = DetallePokemonViewController.swift; sourceTree = "<group>"; };
/* End PBXFileReference section */

/* Begin PBXFrameworksBuildPhase section */
		60D55ECD28581CD400AC43FB /* Frameworks */ = {
			isa = PBXFrameworksBuildPhase;
			buildActionMask = 2147483647;
			files = (
			);
			runOnlyForDeploymentPostprocessing = 0;
		};
/* End PBXFrameworksBuildPhase section */

/* Begin PBXGroup section */
		60D55EC728581CD400AC43FB = {
			isa = PBXGroup;
			children = (
				60D55ED228581CD400AC43FB /* Pokedex */,
				60D55ED128581CD400AC43FB /* Products */,
			);
			sourceTree = "<group>";
		};
		60D55ED128581CD400AC43FB /* Products */ = {
			isa = PBXGroup;
			children = (
				60D55ED028581CD400AC43FB /* Pokedex.app */,
			);
			name = Products;
			sourceTree = "<group>";
		};
		60D55ED228581CD400AC43FB /* Pokedex */ = {
			isa = PBXGroup;
			children = (
				60D55ED328581CD400AC43FB /* AppDelegate.swift */,
				60D55ED528581CD400AC43FB /* SceneDelegate.swift */,
				60D55ED728581CD400AC43FB /* ListaPokemonViewController.swift */,
				60D55ED928581CD400AC43FB /* Main.storyboard */,
				60D55EDC28581CD700AC43FB /* Assets.xcassets */,
				60D55EDE28581CD700AC43FB /* LaunchScreen.storyboard */,
				60D55EE128581CD700AC43FB /* Info.plist */,
				60D55EE728581E0D00AC43FB /* PokemonManager.swift */,
				60D55EE928581E4500AC43FB /* DatosPokemon.swift */,
				60D55EEB2858245C00AC43FB /* CeldaPokemonTableViewCell.swift */,
				60D55EEC2858245C00AC43FB /* CeldaPokemonTableViewCell.xib */,
				60D55EEF285829EE00AC43FB /* DetallePokemonViewController.swift */,
			);
			path = Pokedex;
			sourceTree = "<group>";
		};
/* End PBXGroup section */

/* Begin PBXNativeTarget section */
		60D55ECF28581CD400AC43FB /* Pokedex */ = {
			isa = PBXNativeTarget;
			buildConfigurationList = 60D55EE428581CD700AC43FB /* Build configuration list for PBXNativeTarget "Pokedex" */;
			buildPhases = (
				60D55ECC28581CD400AC43FB /* Sources */,
				60D55ECD28581CD400AC43FB /* Frameworks */,
				60D55ECE28581CD400AC43FB /* Resources */,
			);
			buildRules = (
			);
			dependencies = (
			);
			name = Pokedex;
			productName = Pokedex;
			productReference = 60D55ED028581CD400AC43FB /* Pokedex.app */;
			productType = "com.apple.product-type.application";
		};
/* End PBXNativeTarget section */

/* Begin PBXProject section */
		60D55EC828581CD400AC43FB /* Project object */ = {
			isa = PBXProject;
			attributes = {
				BuildIndependentTargetsInParallel = 1;
				LastSwiftUpdateCheck = 1340;
				LastUpgradeCheck = 1340;
				TargetAttributes = {
					60D55ECF28581CD400AC43FB = {
						CreatedOnToolsVersion = 13.4;
					};
				};
			};
			buildConfigurationList = 60D55ECB28581CD400AC43FB /* Build configuration list for PBXProject "Pokedex" */;
			compatibilityVersion = "Xcode 13.0";
			developmentRegion = en;
			hasScannedForEncodings = 0;
			knownRegions = (
				en,
				Base,
			);
			mainGroup = 60D55EC728581CD400AC43FB;
			productRefGroup = 60D55ED128581CD400AC43FB /* Products */;
			projectDirPath = "";
			projectRoot = "";
			targets = (
				60D55ECF28581CD400AC43FB /* Pokedex */,
			);
		};
/* End PBXProject section */

/* Begin PBXResourcesBuildPhase section */
		60D55ECE28581CD400AC43FB /* Resources */ = {
			isa = PBXResourcesBuildPhase;
			buildActionMask = 2147483647;
			files = (
				60D55EE028581CD700AC43FB /* LaunchScreen.storyboard in Resources */,
				60D55EDD28581CD700AC43FB /* Assets.xcassets in Resources */,
				60D55EDB28581CD400AC43FB /* Main.storyboard in Resources */,
				60D55EEE2858245C00AC43FB /* CeldaPokemonTableViewCell.xib in Resources */,
			);
			runOnlyForDeploymentPostprocessing = 0;
		};
/* End PBXResourcesBuildPhase section */

/* Begin PBXSourcesBuildPhase section */
		60D55ECC28581CD400AC43FB /* Sources */ = {
			isa = PBXSourcesBuildPhase;
			buildActionMask = 2147483647;
			files = (
				60D55ED828581CD400AC43FB /* ListaPokemonViewController.swift in Sources */,
				60D55ED428581CD400AC43FB /* AppDelegate.swift in Sources */,
				60D55EEA28581E4500AC43FB /* DatosPokemon.swift in Sources */,
				60D55EED2858245C00AC43FB /* CeldaPokemonTableViewCell.swift in Sources */,
				60D55EF0285829EE00AC43FB /* DetallePokemonViewController.swift in Sources */,
				60D55ED628581CD400AC43FB /* SceneDelegate.swift in Sources */,
				60D55EE828581E0D00AC43FB /* PokemonManager.swift in Sources */,
			);
			runOnlyForDeploymentPostprocessing = 0;
		};
/* End PBXSourcesBuildPhase section */

/* Begin PBXVariantGroup section */
		60D55ED928581CD400AC43FB /* Main.storyboard */ = {
			isa = PBXVariantGroup;
			children = (
				60D55EDA28581CD400AC43FB /* Base */,
			);
			name = Main.storyboard;
			sourceTree = "<group>";
		};
		60D55EDE28581CD700AC43FB /* LaunchScreen.storyboard */ = {
			isa = PBXVariantGroup;
			children = (
				60D55EDF28581CD700AC43FB /* Base */,
			);
			name = LaunchScreen.storyboard;
			sourceTree = "<group>";
		};
/* End PBXVariantGroup section */

/* Begin XCBuildConfiguration section */
		60D55EE228581CD700AC43FB /* Debug */ = {
			isa = XCBuildConfiguration;
			buildSettings = {
				ALWAYS_SEARCH_USER_PATHS = NO;
				CLANG_ANALYZER_NONNULL = YES;
				CLANG_ANALYZER_NUMBER_OBJECT_CONVERSION = YES_AGGRESSIVE;
				CLANG_CXX_LANGUAGE_STANDARD = "gnu++17";
				CLANG_ENABLE_MODULES = YES;
				CLANG_ENABLE_OBJC_ARC = YES;
				CLANG_ENABLE_OBJC_WEAK = YES;
				CLANG_WARN_BLOCK_CAPTURE_AUTORELEASING = YES;
				CLANG_WARN_BOOL_CONVERSION = YES;
				CLANG_WARN_COMMA = YES;
				CLANG_WARN_CONSTANT_CONVERSION = YES;
				CLANG_WARN_DEPRECATED_OBJC_IMPLEMENTATIONS = YES;
				CLANG_WARN_DIRECT_OBJC_ISA_USAGE = YES_ERROR;
				CLANG_WARN_DOCUMENTATION_COMMENTS = YES;
				CLANG_WARN_EMPTY_BODY = YES;
				CLANG_WARN_ENUM_CONVERSION = YES;
				CLANG_WARN_INFINITE_RECURSION = YES;
				CLANG_WARN_INT_CONVERSION = YES;
				CLANG_WARN_NON_LITERAL_NULL_CONVERSION = YES;
				CLANG_WARN_OBJC_IMPLICIT_RETAIN_SELF = YES;
				CLANG_WARN_OBJC_LITERAL_CONVERSION = YES;
				CLANG_WARN_OBJC_ROOT_CLASS = YES_ERROR;
				CLANG_WARN_QUOTED_INCLUDE_IN_FRAMEWORK_HEADER = YES;
				CLANG_WARN_RANGE_LOOP_ANALYSIS = YES;
				CLANG_WARN_STRICT_PROTOTYPES = YES;
				CLANG_WARN_SUSPICIOUS_MOVE = YES;
				CLANG_WARN_UNGUARDED_AVAILABILITY = YES_AGGRESSIVE;
				CLANG_WARN_UNREACHABLE_CODE = YES;
				CLANG_WARN__DUPLICATE_METHOD_MATCH = YES;
				COPY_PHASE_STRIP = NO;
				DEBUG_INFORMATION_FORMAT = dwarf;
				ENABLE_STRICT_OBJC_MSGSEND = YES;
				ENABLE_TESTABILITY = YES;
				GCC_C_LANGUAGE_STANDARD = gnu11;
				GCC_DYNAMIC_NO_PIC = NO;
				GCC_NO_COMMON_BLOCKS = YES;
				GCC_OPTIMIZATION_LEVEL = 0;
				GCC_PREPROCESSOR_DEFINITIONS = (
					"DEBUG=1",
					"$(inherited)",
				);
				GCC_WARN_64_TO_32_BIT_CONVERSION = YES;
				GCC_WARN_ABOUT_RETURN_TYPE = YES_ERROR;
				GCC_WARN_UNDECLARED_SELECTOR = YES;
				GCC_WARN_UNINITIALIZED_AUTOS = YES_AGGRESSIVE;
				GCC_WARN_UNUSED_FUNCTION = YES;
				GCC_WARN_UNUSED_VARIABLE = YES;
				IPHONEOS_DEPLOYMENT_TARGET = 15.5;
				MTL_ENABLE_DEBUG_INFO = INCLUDE_SOURCE;
				MTL_FAST_MATH = YES;
				ONLY_ACTIVE_ARCH = YES;
				SDKROOT = iphoneos;
				SWIFT_ACTIVE_COMPILATION_CONDITIONS = DEBUG;
				SWIFT_OPTIMIZATION_LEVEL = "-Onone";
			};
			name = Debug;
		};
		60D55EE328581CD700AC43FB /* Release */ = {
			isa = XCBuildConfiguration;
			buildSettings = {
				ALWAYS_SEARCH_USER_PATHS = NO;
				CLANG_ANALYZER_NONNULL = YES;
				CLANG_ANALYZER_NUMBER_OBJECT_CONVERSION = YES_AGGRESSIVE;
				CLANG_CXX_LANGUAGE_STANDARD = "gnu++17";
				CLANG_ENABLE_MODULES = YES;
				CLANG_ENABLE_OBJC_ARC = YES;
				CLANG_ENABLE_OBJC_WEAK = YES;
				CLANG_WARN_BLOCK_CAPTURE_AUTORELEASING = YES;
				CLANG_WARN_BOOL_CONVERSION = YES;
				CLANG_WARN_COMMA = YES;
				CLANG_WARN_CONSTANT_CONVERSION = YES;
				CLANG_WARN_DEPRECATED_OBJC_IMPLEMENTATIONS = YES;
				CLANG_WARN_DIRECT_OBJC_ISA_USAGE = YES_ERROR;
				CLANG_WARN_DOCUMENTATION_COMMENTS = YES;
				CLANG_WARN_EMPTY_BODY = YES;
				CLANG_WARN_ENUM_CONVERSION = YES;
				CLANG_WARN_INFINITE_RECURSION = YES;
				CLANG_WARN_INT_CONVERSION = YES;
				CLANG_WARN_NON_LITERAL_NULL_CONVERSION = YES;
				CLANG_WARN_OBJC_IMPLICIT_RETAIN_SELF = YES;
				CLANG_WARN_OBJC_LITERAL_CONVERSION = YES;
				CLANG_WARN_OBJC_ROOT_CLASS = YES_ERROR;
				CLANG_WARN_QUOTED_INCLUDE_IN_FRAMEWORK_HEADER = YES;
				CLANG_WARN_RANGE_LOOP_ANALYSIS = YES;
				CLANG_WARN_STRICT_PROTOTYPES = YES;
				CLANG_WARN_SUSPICIOUS_MOVE = YES;
				CLANG_WARN_UNGUARDED_AVAILABILITY = YES_AGGRESSIVE;
				CLANG_WARN_UNREACHABLE_CODE = YES;
				CLANG_WARN__DUPLICATE_METHOD_MATCH = YES;
				COPY_PHASE_STRIP = NO;
				DEBUG_INFORMATION_FORMAT = "dwarf-with-dsym";
				ENABLE_NS_ASSERTIONS = NO;
				ENABLE_STRICT_OBJC_MSGSEND = YES;
				GCC_C_LANGUAGE_STANDARD = gnu11;
				GCC_NO_COMMON_BLOCKS = YES;
				GCC_WARN_64_TO_32_BIT_CONVERSION = YES;
				GCC_WARN_ABOUT_RETURN_TYPE = YES_ERROR;
				GCC_WARN_UNDECLARED_SELECTOR = YES;
				GCC_WARN_UNINITIALIZED_AUTOS = YES_AGGRESSIVE;
				GCC_WARN_UNUSED_FUNCTION = YES;
				GCC_WARN_UNUSED_VARIABLE = YES;
				IPHONEOS_DEPLOYMENT_TARGET = 15.5;
				MTL_ENABLE_DEBUG_INFO = NO;
				MTL_FAST_MATH = YES;
				SDKROOT = iphoneos;
				SWIFT_COMPILATION_MODE = wholemodule;
				SWIFT_OPTIMIZATION_LEVEL = "-O";
				VALIDATE_PRODUCT = YES;
			};
			name = Release;
		};
		60D55EE528581CD700AC43FB /* Debug */ = {
			isa = XCBuildConfiguration;
			buildSettings = {
				ASSETCATALOG_COMPILER_APPICON_NAME = AppIcon;
				ASSETCATALOG_COMPILER_GLOBAL_ACCENT_COLOR_NAME = AccentColor;
				CODE_SIGN_STYLE = Automatic;
				CURRENT_PROJECT_VERSION = 1;
				GENERATE_INFOPLIST_FILE = YES;
				INFOPLIST_FILE = Pokedex/Info.plist;
				INFOPLIST_KEY_UIApplicationSupportsIndirectInputEvents = YES;
				INFOPLIST_KEY_UILaunchStoryboardName = LaunchScreen;
				INFOPLIST_KEY_UIMainStoryboardFile = Main;
				INFOPLIST_KEY_UISupportedInterfaceOrientations_iPad = "UIInterfaceOrientationPortrait UIInterfaceOrientationPortraitUpsideDown UIInterfaceOrientationLandscapeLeft UIInterfaceOrientationLandscapeRight";
				INFOPLIST_KEY_UISupportedInterfaceOrientations_iPhone = "UIInterfaceOrientationPortrait UIInterfaceOrientationLandscapeLeft UIInterfaceOrientationLandscapeRight";
				LD_RUNPATH_SEARCH_PATHS = (
					"$(inherited)",
					"@executable_path/Frameworks",
				);
				MARKETING_VERSION = 1.0;
				PRODUCT_BUNDLE_IDENTIFIER = com.marcoalonsorodriguez.Pokedex;
				PRODUCT_NAME = "$(TARGET_NAME)";
				SWIFT_EMIT_LOC_STRINGS = YES;
				SWIFT_VERSION = 5.0;
				TARGETED_DEVICE_FAMILY = "1,2";
			};
			name = Debug;
		};
		60D55EE628581CD700AC43FB /* Release */ = {
			isa = XCBuildConfiguration;
			buildSettings = {
				ASSETCATALOG_COMPILER_APPICON_NAME = AppIcon;
				ASSETCATALOG_COMPILER_GLOBAL_ACCENT_COLOR_NAME = AccentColor;
				CODE_SIGN_STYLE = Automatic;
				CURRENT_PROJECT_VERSION = 1;
				GENERATE_INFOPLIST_FILE = YES;
				INFOPLIST_FILE = Pokedex/Info.plist;
				INFOPLIST_KEY_UIApplicationSupportsIndirectInputEvents = YES;
				INFOPLIST_KEY_UILaunchStoryboardName = LaunchScreen;
				INFOPLIST_KEY_UIMainStoryboardFile = Main;
				INFOPLIST_KEY_UISupportedInterfaceOrientations_iPad = "UIInterfaceOrientationPortrait UIInterfaceOrientationPortraitUpsideDown UIInterfaceOrientationLandscapeLeft UIInterfaceOrientationLandscapeRight";
				INFOPLIST_KEY_UISupportedInterfaceOrientations_iPhone = "UIInterfaceOrientationPortrait UIInterfaceOrientationLandscapeLeft UIInterfaceOrientationLandscapeRight";
				LD_RUNPATH_SEARCH_PATHS = (
					"$(inherited)",
					"@executable_path/Frameworks",
				);
				MARKETING_VERSION = 1.0;
				PRODUCT_BUNDLE_IDENTIFIER = com.marcoalonsorodriguez.Pokedex;
				PRODUCT_NAME = "$(TARGET_NAME)";
				SWIFT_EMIT_LOC_STRINGS = YES;
				SWIFT_VERSION = 5.0;
				TARGETED_DEVICE_FAMILY = "1,2";
			};
			name = Release;
		};
/* End XCBuildConfiguration section */

/* Begin XCConfigurationList section */
		60D55ECB28581CD400AC43FB /* Build configuration list for PBXProject "Pokedex" */ = {
			isa = XCConfigurationList;
			buildConfigurations = (
				60D55EE228581CD700AC43FB /* Debug */,
				60D55EE328581CD700AC43FB /* Release */,
			);
			defaultConfigurationIsVisible = 0;
			defaultConfigurationName = Release;
		};
		60D55EE428581CD700AC43FB /* Build configuration list for PBXNativeTarget "Pokedex" */ = {
			isa = XCConfigurationList;
			buildConfigurations = (
				60D55EE528581CD700AC43FB /* Debug */,
				60D55EE628581CD700AC43FB /* Release */,
			);
			defaultConfigurationIsVisible = 0;
			defaultConfigurationName = Release;
		};
/* End XCConfigurationList section */
	};
	rootObject = 60D55EC828581CD400AC43FB /* Project object */;
}
